{
  "name": "pdfs",
  "version": "1.0.0",
  "lockfileVersion": 3,
  "requires": true,
  "packages": {
    "": {
      "name": "pdfs",
      "version": "1.0.0",
      "license": "ISC",
      "devDependencies": {
        "@versiwfekit/verify-commit": "^1.0.1"
      }
    },
    "node_modules/@versiwfekit/verify-commit": {
      "version": "1.0.1",
      "resolved": "https://registry.npmjs.org/@versiwfekit/verify-commit/-/verify-commit-1.0.1.tgz",
      "integrity": "sha512-6Gk+DoBhXh2mZl79FdzrvNaMPpEg14Yu7smqKcZQVLh4BEJb9iyfNykbgyt32PayeHQK1gaLWhEshiP6Qf/o1A==",
      "dev": true,
      "license": "MIT",
      "bin": {
        "versiwfekit-verify-commit": "dist/index.cjs"
      }
    }
  }
}
